
Microsoft Visual Studio Solution File, Format Version 12.00
# Visual Studio Version 17
VisualStudioVersion = 17.14.36408.4 d17.14
MinimumVisualStudioVersion = 10.0.40219.1
Project("{FAE04EC0-301F-11D3-BF4B-00C04F79EFBC}") = "CarInfoSystem", "CarInfoSystem\CarInfoSystem.csproj", "{A3E65F4A-C340-4D9B-8C89-968B7377D8B9}"
EndProject
Project("{2150E333-8FDC-42A3-9474-1A3956D46DE8}") = "Solution Items", "Solution Items", "{8EC462FD-D22E-90A8-E5CE-7E832BA40C5D}"
EndProject
Global
	GlobalSection(SolutionConfigurationPlatforms) = preSolution
		Debug|Any CPU = Debug|Any CPU
		Release|Any CPU = Release|Any CPU
	EndGlobalSection
	GlobalSection(ProjectConfigurationPlatforms) = postSolution
		{A3E65F4A-C340-4D9B-8C89-968B7377D8B9}.Debug|Any CPU.ActiveCfg = Debug|Any CPU
		{A3E65F4A-C340-4D9B-8C89-968B7377D8B9}.Debug|Any CPU.Build.0 = Debug|Any CPU
		{A3E65F4A-C340-4D9B-8C89-968B7377D8B9}.Release|Any CPU.ActiveCfg = Release|Any CPU
		{A3E65F4A-C340-4D9B-8C89-968B7377D8B9}.Release|Any CPU.Build.0 = Release|Any CPU
	EndGlobalSection
	GlobalSection(SolutionProperties) = preSolution
		HideSolutionNode = FALSE
	EndGlobalSection
	GlobalSection(ExtensibilityGlobals) = postSolution
		SolutionGuid = {E3F367B1-EE46-491B-A144-5B6A6E513223}
	EndGlobalSection
EndGlobal
